{
  "object": {
    "pins": [
      {
        "package": "Socket",
        "repositoryURL": "https://github.com/IBM-Swift/BlueSocket.git",
        "state": {
          "branch": null,
          "revision": "15ff39f95e0b56058cf050c910c1e26002d01f71",
          "version": "1.0.15"
        }
      },
      {
        "package": "Willow",
        "repositoryURL": "https://github.com/Nike-Inc/Willow.git",
        "state": {
          "branch": null,
          "revision": "bee75d06f0e94a7053a790f0327220d53f075758",
          "version": "5.0.2"
        }
      }
    ]
  },
  "version": 1
}
