{
  "object": {
    "pins": [
      {
        "package": "Socket",
        "repositoryURL": "https://github.com/IBM-Swift/BlueSocket.git",
        "state": {
          "branch": null,
          "revision": "c46a3d41f5b2401d18bcb46d0101cdc5cd13e307",
          "version": "1.0.52"
        }
      },
      {
        "package": "Willow",
        "repositoryURL": "https://github.com/Nike-Inc/Willow.git",
        "state": {
          "branch": null,
          "revision": "67c567faf21f578149c030bb8e740ab87d11c508",
          "version": "5.2.1"
        }
      }
    ]
  },
  "version": 1
}
